
Microsoft Visual Studio Solution File, Format Version 12.00
# Visual Studio 15
VisualStudioVersion = 15.0.27130.2010
MinimumVisualStudioVersion = 10.0.40219.1
Project("{FAE04EC0-301F-11D3-BF4B-00C04F79EFBC}") = "SystemSettingChange", "SystemSettingChange\SystemSettingChange.csproj", "{26AD42E2-4404-4CA3-86DB-B8D80B1BCA2D}"
EndProject
Global
	GlobalSection(SolutionConfigurationPlatforms) = preSolution
		Debug|Any CPU = Debug|Any CPU
		Release|Any CPU = Release|Any CPU
	EndGlobalSection
	GlobalSection(ProjectConfigurationPlatforms) = postSolution
		{26AD42E2-4404-4CA3-86DB-B8D80B1BCA2D}.Debug|Any CPU.ActiveCfg = Debug|Any CPU
		{26AD42E2-4404-4CA3-86DB-B8D80B1BCA2D}.Debug|Any CPU.Build.0 = Debug|Any CPU
		{26AD42E2-4404-4CA3-86DB-B8D80B1BCA2D}.Release|Any CPU.ActiveCfg = Release|Any CPU
		{26AD42E2-4404-4CA3-86DB-B8D80B1BCA2D}.Release|Any CPU.Build.0 = Release|Any CPU
	EndGlobalSection
	GlobalSection(SolutionProperties) = preSolution
		HideSolutionNode = FALSE
	EndGlobalSection
	GlobalSection(ExtensibilityGlobals) = postSolution
		SolutionGuid = {DFEC842E-4456-48A9-986C-6A4D31F88213}
	EndGlobalSection
EndGlobal
